
Microsoft Visual Studio Solution File, Format Version 12.00
# Visual Studio 15
VisualStudioVersion = 15.0.26430.16
MinimumVisualStudioVersion = 10.0.40219.1
Project("{8BC9CEB8-8B4A-11D0-8D11-00A0C91BC942}") = "Cudacka", "Cudacka\Cudacka.vcxproj", "{9FAB26AE-C2D2-4209-9E00-1D9108D07F5A}"
EndProject
Project("{9A19103F-16F7-4668-BE54-9A1E7A4F7556}") = "Theta", "Theta\Theta.csproj", "{AA5453DC-AD54-439A-AE6D-AE4AE1B7662E}"
EndProject
Global
	GlobalSection(SolutionConfigurationPlatforms) = preSolution
		Debug|Any CPU = Debug|Any CPU
		Debug|x64 = Debug|x64
		Release|Any CPU = Release|Any CPU
		Release|x64 = Release|x64
	EndGlobalSection
	GlobalSection(ProjectConfigurationPlatforms) = postSolution
		{9FAB26AE-C2D2-4209-9E00-1D9108D07F5A}.Debug|Any CPU.ActiveCfg = Debug|x64
		{9FAB26AE-C2D2-4209-9E00-1D9108D07F5A}.Debug|x64.ActiveCfg = Debug|x64
		{9FAB26AE-C2D2-4209-9E00-1D9108D07F5A}.Debug|x64.Build.0 = Debug|x64
		{9FAB26AE-C2D2-4209-9E00-1D9108D07F5A}.Release|Any CPU.ActiveCfg = Release|x64
		{9FAB26AE-C2D2-4209-9E00-1D9108D07F5A}.Release|x64.ActiveCfg = Release|x64
		{9FAB26AE-C2D2-4209-9E00-1D9108D07F5A}.Release|x64.Build.0 = Release|x64
		{AA5453DC-AD54-439A-AE6D-AE4AE1B7662E}.Debug|Any CPU.ActiveCfg = Debug|Any CPU
		{AA5453DC-AD54-439A-AE6D-AE4AE1B7662E}.Debug|Any CPU.Build.0 = Debug|Any CPU
		{AA5453DC-AD54-439A-AE6D-AE4AE1B7662E}.Debug|x64.ActiveCfg = Debug|Any CPU
		{AA5453DC-AD54-439A-AE6D-AE4AE1B7662E}.Debug|x64.Build.0 = Debug|Any CPU
		{AA5453DC-AD54-439A-AE6D-AE4AE1B7662E}.Release|Any CPU.ActiveCfg = Release|Any CPU
		{AA5453DC-AD54-439A-AE6D-AE4AE1B7662E}.Release|Any CPU.Build.0 = Release|Any CPU
		{AA5453DC-AD54-439A-AE6D-AE4AE1B7662E}.Release|x64.ActiveCfg = Release|Any CPU
		{AA5453DC-AD54-439A-AE6D-AE4AE1B7662E}.Release|x64.Build.0 = Release|Any CPU
	EndGlobalSection
	GlobalSection(SolutionProperties) = preSolution
		HideSolutionNode = FALSE
	EndGlobalSection
	GlobalSection(ExtensibilityGlobals) = postSolution
		SolutionGuid = {A82A3D22-93ED-4776-B070-C31DE3E465C8}
	EndGlobalSection
EndGlobal
